
Microsoft Visual Studio Solution File, Format Version 12.00
# Visual Studio Version 16
VisualStudioVersion = 16.0.810.7
MinimumVisualStudioVersion = 10.0.40219.1
Project("{FAE04EC0-301F-11D3-BF4B-00C04F79EFBC}") = "MovieStore", "MovieStore\MovieStore.csproj", "{3BF90ACD-692D-48DF-9979-C0FE04FE4585}"
EndProject
Global
	GlobalSection(SolutionConfigurationPlatforms) = preSolution
		Debug|Any CPU = Debug|Any CPU
		Release|Any CPU = Release|Any CPU
	EndGlobalSection
	GlobalSection(ProjectConfigurationPlatforms) = postSolution
		{3BF90ACD-692D-48DF-9979-C0FE04FE4585}.Debug|Any CPU.ActiveCfg = Debug|Any CPU
		{3BF90ACD-692D-48DF-9979-C0FE04FE4585}.Debug|Any CPU.Build.0 = Debug|Any CPU
		{3BF90ACD-692D-48DF-9979-C0FE04FE4585}.Release|Any CPU.ActiveCfg = Release|Any CPU
		{3BF90ACD-692D-48DF-9979-C0FE04FE4585}.Release|Any CPU.Build.0 = Release|Any CPU
	EndGlobalSection
	GlobalSection(SolutionProperties) = preSolution
		HideSolutionNode = FALSE
	EndGlobalSection
	GlobalSection(ExtensibilityGlobals) = postSolution
		SolutionGuid = {9C543740-74FA-44C7-9134-AF0A9CFC8A9F}
	EndGlobalSection
EndGlobal
